
Microsoft Visual Studio Solution File, Format Version 12.00
# Visual Studio Version 17
VisualStudioVersion = 17.7.34221.43
MinimumVisualStudioVersion = 10.0.40219.1
Project("{FAE04EC0-301F-11D3-BF4B-00C04F79EFBC}") = "ConConvert", "ConConvert\ConConvert.csproj", "{5C28BCCA-D873-464F-8C0E-A98E41F43296}"
EndProject
Global
	GlobalSection(SolutionConfigurationPlatforms) = preSolution
		Debug|Any CPU = Debug|Any CPU
		Release|Any CPU = Release|Any CPU
	EndGlobalSection
	GlobalSection(ProjectConfigurationPlatforms) = postSolution
		{5C28BCCA-D873-464F-8C0E-A98E41F43296}.Debug|Any CPU.ActiveCfg = Debug|Any CPU
		{5C28BCCA-D873-464F-8C0E-A98E41F43296}.Debug|Any CPU.Build.0 = Debug|Any CPU
		{5C28BCCA-D873-464F-8C0E-A98E41F43296}.Release|Any CPU.ActiveCfg = Release|Any CPU
		{5C28BCCA-D873-464F-8C0E-A98E41F43296}.Release|Any CPU.Build.0 = Release|Any CPU
	EndGlobalSection
	GlobalSection(SolutionProperties) = preSolution
		HideSolutionNode = FALSE
	EndGlobalSection
	GlobalSection(ExtensibilityGlobals) = postSolution
		SolutionGuid = {A964CF2B-B51F-4A6A-A1F0-D656E953D984}
	EndGlobalSection
EndGlobal
